// !$*UTF8*$!
{
	archiveVersion = 1;
	classes = {
	};
	objectVersion = 50;
	objects = {

/* Begin PBXBuildFile section */
		9303A220246E2C500053EE06 /* HomeKit.framework in Frameworks */ = {isa = PBXBuildFile; fileRef = 9303A21F246E2C500053EE06 /* HomeKit.framework */; };
		933EFD912470D4F10090134C /* HomeSettingsViewController.m in Sources */ = {isa = PBXBuildFile; fileRef = 933EFD902470D4F10090134C /* HomeSettingsViewController.m */; };
		934D02B024627F70005B2098 /* AppDelegate.m in Sources */ = {isa = PBXBuildFile; fileRef = 934D02AF24627F70005B2098 /* AppDelegate.m */; };
		934D02B324627F70005B2098 /* SceneDelegate.m in Sources */ = {isa = PBXBuildFile; fileRef = 934D02B224627F70005B2098 /* SceneDelegate.m */; };
		934D02B924627F70005B2098 /* Main.storyboard in Resources */ = {isa = PBXBuildFile; fileRef = 934D02B724627F70005B2098 /* Main.storyboard */; };
		934D02BC24627F70005B2098 /* iHome.xcdatamodeld in Sources */ = {isa = PBXBuildFile; fileRef = 934D02BA24627F70005B2098 /* iHome.xcdatamodeld */; };
		934D02BE24627F77005B2098 /* Assets.xcassets in Resources */ = {isa = PBXBuildFile; fileRef = 934D02BD24627F77005B2098 /* Assets.xcassets */; };
		934D02C124627F77005B2098 /* LaunchScreen.storyboard in Resources */ = {isa = PBXBuildFile; fileRef = 934D02BF24627F77005B2098 /* LaunchScreen.storyboard */; };
		934D02C424627F77005B2098 /* main.m in Sources */ = {isa = PBXBuildFile; fileRef = 934D02C324627F77005B2098 /* main.m */; };
		934D02D224628B3C005B2098 /* RootViewController.m in Sources */ = {isa = PBXBuildFile; fileRef = 934D02D124628B3C005B2098 /* RootViewController.m */; };
		934D02D524628BBB005B2098 /* Person.m in Sources */ = {isa = PBXBuildFile; fileRef = 934D02D424628BBB005B2098 /* Person.m */; };
		9351FF1D2475C01C0089FD42 /* AutomationViewController.m in Sources */ = {isa = PBXBuildFile; fileRef = 9351FF1C2475C01C0089FD42 /* AutomationViewController.m */; };
		936AA9612474627900F97E7F /* RoomViewController.m in Sources */ = {isa = PBXBuildFile; fileRef = 936AA9602474627900F97E7F /* RoomViewController.m */; };
		937F94F9246FB15900E9AD5F /* AccessoryViewController.m in Sources */ = {isa = PBXBuildFile; fileRef = 937F94F8246FB15900E9AD5F /* AccessoryViewController.m */; };
		93E9A94F2471D58B00A47A5B /* SharedManager.m in Sources */ = {isa = PBXBuildFile; fileRef = 93E9A94E2471D58B00A47A5B /* SharedManager.m */; };
/* End PBXBuildFile section */

/* Begin PBXFileReference section */
		9303A21D246E2BF80053EE06 /* iHome.entitlements */ = {isa = PBXFileReference; lastKnownFileType = text.plist.entitlements; path = iHome.entitlements; sourceTree = "<group>"; };
		9303A21F246E2C500053EE06 /* HomeKit.framework */ = {isa = PBXFileReference; lastKnownFileType = wrapper.framework; name = HomeKit.framework; path = System/Library/Frameworks/HomeKit.framework; sourceTree = SDKROOT; };
		933EFD8F2470D4F10090134C /* HomeSettingsViewController.h */ = {isa = PBXFileReference; lastKnownFileType = sourcecode.c.h; path = HomeSettingsViewController.h; sourceTree = "<group>"; };
		933EFD902470D4F10090134C /* HomeSettingsViewController.m */ = {isa = PBXFileReference; lastKnownFileType = sourcecode.c.objc; path = HomeSettingsViewController.m; sourceTree = "<group>"; };
		934D02AB24627F70005B2098 /* iHome.app */ = {isa = PBXFileReference; explicitFileType = wrapper.application; includeInIndex = 0; path = iHome.app; sourceTree = BUILT_PRODUCTS_DIR; };
		934D02AE24627F70005B2098 /* AppDelegate.h */ = {isa = PBXFileReference; lastKnownFileType = sourcecode.c.h; path = AppDelegate.h; sourceTree = "<group>"; };
		934D02AF24627F70005B2098 /* AppDelegate.m */ = {isa = PBXFileReference; lastKnownFileType = sourcecode.c.objc; path = AppDelegate.m; sourceTree = "<group>"; };
		934D02B124627F70005B2098 /* SceneDelegate.h */ = {isa = PBXFileReference; lastKnownFileType = sourcecode.c.h; path = SceneDelegate.h; sourceTree = "<group>"; };
		934D02B224627F70005B2098 /* SceneDelegate.m */ = {isa = PBXFileReference; lastKnownFileType = sourcecode.c.objc; path = SceneDelegate.m; sourceTree = "<group>"; };
		934D02B824627F70005B2098 /* Base */ = {isa = PBXFileReference; lastKnownFileType = file.storyboard; name = Base; path = Base.lproj/Main.storyboard; sourceTree = "<group>"; };
		934D02BB24627F70005B2098 /* iHome.xcdatamodel */ = {isa = PBXFileReference; lastKnownFileType = wrapper.xcdatamodel; path = iHome.xcdatamodel; sourceTree = "<group>"; };
		934D02BD24627F77005B2098 /* Assets.xcassets */ = {isa = PBXFileReference; lastKnownFileType = folder.assetcatalog; path = Assets.xcassets; sourceTree = "<group>"; };
		934D02C024627F77005B2098 /* Base */ = {isa = PBXFileReference; lastKnownFileType = file.storyboard; name = Base; path = Base.lproj/LaunchScreen.storyboard; sourceTree = "<group>"; };
		934D02C224627F77005B2098 /* Info.plist */ = {isa = PBXFileReference; lastKnownFileType = text.plist.xml; path = Info.plist; sourceTree = "<group>"; };
		934D02C324627F77005B2098 /* main.m */ = {isa = PBXFileReference; lastKnownFileType = sourcecode.c.objc; path = main.m; sourceTree = "<group>"; };
		934D02D024628B3C005B2098 /* RootViewController.h */ = {isa = PBXFileReference; lastKnownFileType = sourcecode.c.h; path = RootViewController.h; sourceTree = "<group>"; };
		934D02D124628B3C005B2098 /* RootViewController.m */ = {isa = PBXFileReference; lastKnownFileType = sourcecode.c.objc; path = RootViewController.m; sourceTree = "<group>"; };
		934D02D324628BBB005B2098 /* Person.h */ = {isa = PBXFileReference; lastKnownFileType = sourcecode.c.h; path = Person.h; sourceTree = "<group>"; };
		934D02D424628BBB005B2098 /* Person.m */ = {isa = PBXFileReference; lastKnownFileType = sourcecode.c.objc; path = Person.m; sourceTree = "<group>"; };
		9351FF1B2475C01C0089FD42 /* AutomationViewController.h */ = {isa = PBXFileReference; lastKnownFileType = sourcecode.c.h; path = AutomationViewController.h; sourceTree = "<group>"; };
		9351FF1C2475C01C0089FD42 /* AutomationViewController.m */ = {isa = PBXFileReference; lastKnownFileType = sourcecode.c.objc; path = AutomationViewController.m; sourceTree = "<group>"; };
		936AA95F2474627900F97E7F /* RoomViewController.h */ = {isa = PBXFileReference; lastKnownFileType = sourcecode.c.h; path = RoomViewController.h; sourceTree = "<group>"; };
		936AA9602474627900F97E7F /* RoomViewController.m */ = {isa = PBXFileReference; lastKnownFileType = sourcecode.c.objc; path = RoomViewController.m; sourceTree = "<group>"; };
		937F94F7246FB15900E9AD5F /* AccessoryViewController.h */ = {isa = PBXFileReference; lastKnownFileType = sourcecode.c.h; path = AccessoryViewController.h; sourceTree = "<group>"; };
		937F94F8246FB15900E9AD5F /* AccessoryViewController.m */ = {isa = PBXFileReference; lastKnownFileType = sourcecode.c.objc; path = AccessoryViewController.m; sourceTree = "<group>"; };
		93E9A94D2471D58B00A47A5B /* SharedManager.h */ = {isa = PBXFileReference; lastKnownFileType = sourcecode.c.h; path = SharedManager.h; sourceTree = "<group>"; };
		93E9A94E2471D58B00A47A5B /* SharedManager.m */ = {isa = PBXFileReference; lastKnownFileType = sourcecode.c.objc; path = SharedManager.m; sourceTree = "<group>"; };
/* End PBXFileReference section */

/* Begin PBXFrameworksBuildPhase section */
		934D02A824627F70005B2098 /* Frameworks */ = {
			isa = PBXFrameworksBuildPhase;
			buildActionMask = 2147483647;
			files = (
				9303A220246E2C500053EE06 /* HomeKit.framework in Frameworks */,
			);
			runOnlyForDeploymentPostprocessing = 0;
		};
/* End PBXFrameworksBuildPhase section */

/* Begin PBXGroup section */
		9303A21E246E2C500053EE06 /* Frameworks */ = {
			isa = PBXGroup;
			children = (
				9303A21F246E2C500053EE06 /* HomeKit.framework */,
			);
			name = Frameworks;
			sourceTree = "<group>";
		};
		93320D522475C3B7005E15E8 /* etc */ = {
			isa = PBXGroup;
			children = (
				934D02D324628BBB005B2098 /* Person.h */,
				934D02D424628BBB005B2098 /* Person.m */,
			);
			path = etc;
			sourceTree = "<group>";
		};
		93320D532475C3E9005E15E8 /* shared */ = {
			isa = PBXGroup;
			children = (
				93E9A94D2471D58B00A47A5B /* SharedManager.h */,
				93E9A94E2471D58B00A47A5B /* SharedManager.m */,
			);
			path = shared;
			sourceTree = "<group>";
		};
		934D02A224627F70005B2098 = {
			isa = PBXGroup;
			children = (
				934D02AD24627F70005B2098 /* iHome */,
				934D02AC24627F70005B2098 /* Products */,
				9303A21E246E2C500053EE06 /* Frameworks */,
			);
			sourceTree = "<group>";
		};
		934D02AC24627F70005B2098 /* Products */ = {
			isa = PBXGroup;
			children = (
				934D02AB24627F70005B2098 /* iHome.app */,
			);
			name = Products;
			sourceTree = "<group>";
		};
		934D02AD24627F70005B2098 /* iHome */ = {
			isa = PBXGroup;
			children = (
				934D02AE24627F70005B2098 /* AppDelegate.h */,
				934D02AF24627F70005B2098 /* AppDelegate.m */,
				934D02B124627F70005B2098 /* SceneDelegate.h */,
				934D02B224627F70005B2098 /* SceneDelegate.m */,
				934D02C324627F77005B2098 /* main.m */,
				934D02C224627F77005B2098 /* Info.plist */,
				9303A21D246E2BF80053EE06 /* iHome.entitlements */,
				934D02BA24627F70005B2098 /* iHome.xcdatamodeld */,
				934D02BD24627F77005B2098 /* Assets.xcassets */,
				93320D532475C3E9005E15E8 /* shared */,
				93320D522475C3B7005E15E8 /* etc */,
				934D02BF24627F77005B2098 /* LaunchScreen.storyboard */,
				934D02B724627F70005B2098 /* Main.storyboard */,
				934D02D024628B3C005B2098 /* RootViewController.h */,
				936AA95F2474627900F97E7F /* RoomViewController.h */,
				9351FF1B2475C01C0089FD42 /* AutomationViewController.h */,
				933EFD8F2470D4F10090134C /* HomeSettingsViewController.h */,
				937F94F7246FB15900E9AD5F /* AccessoryViewController.h */,
				934D02D124628B3C005B2098 /* RootViewController.m */,
				936AA9602474627900F97E7F /* RoomViewController.m */,
				9351FF1C2475C01C0089FD42 /* AutomationViewController.m */,
				933EFD902470D4F10090134C /* HomeSettingsViewController.m */,
				937F94F8246FB15900E9AD5F /* AccessoryViewController.m */,
			);
			path = iHome;
			sourceTree = "<group>";
		};
/* End PBXGroup section */

/* Begin PBXNativeTarget section */
		934D02AA24627F70005B2098 /* iHome */ = {
			isa = PBXNativeTarget;
			buildConfigurationList = 934D02C724627F77005B2098 /* Build configuration list for PBXNativeTarget "iHome" */;
			buildPhases = (
				934D02A724627F70005B2098 /* Sources */,
				934D02A824627F70005B2098 /* Frameworks */,
				934D02A924627F70005B2098 /* Resources */,
			);
			buildRules = (
			);
			dependencies = (
			);
			name = iHome;
			productName = iHome;
			productReference = 934D02AB24627F70005B2098 /* iHome.app */;
			productType = "com.apple.product-type.application";
		};
/* End PBXNativeTarget section */

/* Begin PBXProject section */
		934D02A324627F70005B2098 /* Project object */ = {
			isa = PBXProject;
			attributes = {
				LastUpgradeCheck = 1130;
				ORGANIZATIONNAME = alexhongs;
				TargetAttributes = {
					934D02AA24627F70005B2098 = {
						CreatedOnToolsVersion = 11.3.1;
					};
				};
			};
			buildConfigurationList = 934D02A624627F70005B2098 /* Build configuration list for PBXProject "iHome" */;
			compatibilityVersion = "Xcode 9.3";
			developmentRegion = en;
			hasScannedForEncodings = 0;
			knownRegions = (
				en,
				Base,
			);
			mainGroup = 934D02A224627F70005B2098;
			productRefGroup = 934D02AC24627F70005B2098 /* Products */;
			projectDirPath = "";
			projectRoot = "";
			targets = (
				934D02AA24627F70005B2098 /* iHome */,
			);
		};
/* End PBXProject section */

/* Begin PBXResourcesBuildPhase section */
		934D02A924627F70005B2098 /* Resources */ = {
			isa = PBXResourcesBuildPhase;
			buildActionMask = 2147483647;
			files = (
				934D02C124627F77005B2098 /* LaunchScreen.storyboard in Resources */,
				934D02BE24627F77005B2098 /* Assets.xcassets in Resources */,
				934D02B924627F70005B2098 /* Main.storyboard in Resources */,
			);
			runOnlyForDeploymentPostprocessing = 0;
		};
/* End PBXResourcesBuildPhase section */

/* Begin PBXSourcesBuildPhase section */
		934D02A724627F70005B2098 /* Sources */ = {
			isa = PBXSourcesBuildPhase;
			buildActionMask = 2147483647;
			files = (
				933EFD912470D4F10090134C /* HomeSettingsViewController.m in Sources */,
				936AA9612474627900F97E7F /* RoomViewController.m in Sources */,
				934D02D524628BBB005B2098 /* Person.m in Sources */,
				934D02C424627F77005B2098 /* main.m in Sources */,
				9351FF1D2475C01C0089FD42 /* AutomationViewController.m in Sources */,
				934D02BC24627F70005B2098 /* iHome.xcdatamodeld in Sources */,
				934D02B024627F70005B2098 /* AppDelegate.m in Sources */,
				934D02B324627F70005B2098 /* SceneDelegate.m in Sources */,
				937F94F9246FB15900E9AD5F /* AccessoryViewController.m in Sources */,
				934D02D224628B3C005B2098 /* RootViewController.m in Sources */,
				93E9A94F2471D58B00A47A5B /* SharedManager.m in Sources */,
			);
			runOnlyForDeploymentPostprocessing = 0;
		};
/* End PBXSourcesBuildPhase section */

/* Begin PBXVariantGroup section */
		934D02B724627F70005B2098 /* Main.storyboard */ = {
			isa = PBXVariantGroup;
			children = (
				934D02B824627F70005B2098 /* Base */,
			);
			name = Main.storyboard;
			sourceTree = "<group>";
		};
		934D02BF24627F77005B2098 /* LaunchScreen.storyboard */ = {
			isa = PBXVariantGroup;
			children = (
				934D02C024627F77005B2098 /* Base */,
			);
			name = LaunchScreen.storyboard;
			sourceTree = "<group>";
		};
/* End PBXVariantGroup section */

/* Begin XCBuildConfiguration section */
		934D02C524627F77005B2098 /* Debug */ = {
			isa = XCBuildConfiguration;
			buildSettings = {
				ALWAYS_SEARCH_USER_PATHS = NO;
				CLANG_ANALYZER_NONNULL = YES;
				CLANG_ANALYZER_NUMBER_OBJECT_CONVERSION = YES_AGGRESSIVE;
				CLANG_CXX_LANGUAGE_STANDARD = "gnu++14";
				CLANG_CXX_LIBRARY = "libc++";
				CLANG_ENABLE_MODULES = YES;
				CLANG_ENABLE_OBJC_ARC = YES;
				CLANG_ENABLE_OBJC_WEAK = YES;
				CLANG_WARN_BLOCK_CAPTURE_AUTORELEASING = YES;
				CLANG_WARN_BOOL_CONVERSION = YES;
				CLANG_WARN_COMMA = YES;
				CLANG_WARN_CONSTANT_CONVERSION = YES;
				CLANG_WARN_DEPRECATED_OBJC_IMPLEMENTATIONS = YES;
				CLANG_WARN_DIRECT_OBJC_ISA_USAGE = YES_ERROR;
				CLANG_WARN_DOCUMENTATION_COMMENTS = YES;
				CLANG_WARN_EMPTY_BODY = YES;
				CLANG_WARN_ENUM_CONVERSION = YES;
				CLANG_WARN_INFINITE_RECURSION = YES;
				CLANG_WARN_INT_CONVERSION = YES;
				CLANG_WARN_NON_LITERAL_NULL_CONVERSION = YES;
				CLANG_WARN_OBJC_IMPLICIT_RETAIN_SELF = YES;
				CLANG_WARN_OBJC_LITERAL_CONVERSION = YES;
				CLANG_WARN_OBJC_ROOT_CLASS = YES_ERROR;
				CLANG_WARN_RANGE_LOOP_ANALYSIS = YES;
				CLANG_WARN_STRICT_PROTOTYPES = YES;
				CLANG_WARN_SUSPICIOUS_MOVE = YES;
				CLANG_WARN_UNGUARDED_AVAILABILITY = YES_AGGRESSIVE;
				CLANG_WARN_UNREACHABLE_CODE = YES;
				CLANG_WARN__DUPLICATE_METHOD_MATCH = YES;
				COPY_PHASE_STRIP = NO;
				DEBUG_INFORMATION_FORMAT = dwarf;
				ENABLE_STRICT_OBJC_MSGSEND = YES;
				ENABLE_TESTABILITY = YES;
				GCC_C_LANGUAGE_STANDARD = gnu11;
				GCC_DYNAMIC_NO_PIC = NO;
				GCC_NO_COMMON_BLOCKS = YES;
				GCC_OPTIMIZATION_LEVEL = 0;
				GCC_PREPROCESSOR_DEFINITIONS = (
					"DEBUG=1",
					"$(inherited)",
				);
				GCC_WARN_64_TO_32_BIT_CONVERSION = YES;
				GCC_WARN_ABOUT_RETURN_TYPE = YES_ERROR;
				GCC_WARN_UNDECLARED_SELECTOR = YES;
				GCC_WARN_UNINITIALIZED_AUTOS = YES_AGGRESSIVE;
				GCC_WARN_UNUSED_FUNCTION = YES;
				GCC_WARN_UNUSED_VARIABLE = YES;
				IPHONEOS_DEPLOYMENT_TARGET = 13.2;
				MTL_ENABLE_DEBUG_INFO = INCLUDE_SOURCE;
				MTL_FAST_MATH = YES;
				ONLY_ACTIVE_ARCH = YES;
				SDKROOT = iphoneos;
			};
			name = Debug;
		};
		934D02C624627F77005B2098 /* Release */ = {
			isa = XCBuildConfiguration;
			buildSettings = {
				ALWAYS_SEARCH_USER_PATHS = NO;
				CLANG_ANALYZER_NONNULL = YES;
				CLANG_ANALYZER_NUMBER_OBJECT_CONVERSION = YES_AGGRESSIVE;
				CLANG_CXX_LANGUAGE_STANDARD = "gnu++14";
				CLANG_CXX_LIBRARY = "libc++";
				CLANG_ENABLE_MODULES = YES;
				CLANG_ENABLE_OBJC_ARC = YES;
				CLANG_ENABLE_OBJC_WEAK = YES;
				CLANG_WARN_BLOCK_CAPTURE_AUTORELEASING = YES;
				CLANG_WARN_BOOL_CONVERSION = YES;
				CLANG_WARN_COMMA = YES;
				CLANG_WARN_CONSTANT_CONVERSION = YES;
				CLANG_WARN_DEPRECATED_OBJC_IMPLEMENTATIONS = YES;
				CLANG_WARN_DIRECT_OBJC_ISA_USAGE = YES_ERROR;
				CLANG_WARN_DOCUMENTATION_COMMENTS = YES;
				CLANG_WARN_EMPTY_BODY = YES;
				CLANG_WARN_ENUM_CONVERSION = YES;
				CLANG_WARN_INFINITE_RECURSION = YES;
				CLANG_WARN_INT_CONVERSION = YES;
				CLANG_WARN_NON_LITERAL_NULL_CONVERSION = YES;
				CLANG_WARN_OBJC_IMPLICIT_RETAIN_SELF = YES;
				CLANG_WARN_OBJC_LITERAL_CONVERSION = YES;
				CLANG_WARN_OBJC_ROOT_CLASS = YES_ERROR;
				CLANG_WARN_RANGE_LOOP_ANALYSIS = YES;
				CLANG_WARN_STRICT_PROTOTYPES = YES;
				CLANG_WARN_SUSPICIOUS_MOVE = YES;
				CLANG_WARN_UNGUARDED_AVAILABILITY = YES_AGGRESSIVE;
				CLANG_WARN_UNREACHABLE_CODE = YES;
				CLANG_WARN__DUPLICATE_METHOD_MATCH = YES;
				COPY_PHASE_STRIP = NO;
				DEBUG_INFORMATION_FORMAT = "dwarf-with-dsym";
				ENABLE_NS_ASSERTIONS = NO;
				ENABLE_STRICT_OBJC_MSGSEND = YES;
				GCC_C_LANGUAGE_STANDARD = gnu11;
				GCC_NO_COMMON_BLOCKS = YES;
				GCC_WARN_64_TO_32_BIT_CONVERSION = YES;
				GCC_WARN_ABOUT_RETURN_TYPE = YES_ERROR;
				GCC_WARN_UNDECLARED_SELECTOR = YES;
				GCC_WARN_UNINITIALIZED_AUTOS = YES_AGGRESSIVE;
				GCC_WARN_UNUSED_FUNCTION = YES;
				GCC_WARN_UNUSED_VARIABLE = YES;
				IPHONEOS_DEPLOYMENT_TARGET = 13.2;
				MTL_ENABLE_DEBUG_INFO = NO;
				MTL_FAST_MATH = YES;
				SDKROOT = iphoneos;
				VALIDATE_PRODUCT = YES;
			};
			name = Release;
		};
		934D02C824627F77005B2098 /* Debug */ = {
			isa = XCBuildConfiguration;
			buildSettings = {
				ASSETCATALOG_COMPILER_APPICON_NAME = AppIcon;
				CODE_SIGN_ENTITLEMENTS = iHome/iHome.entitlements;
				CODE_SIGN_STYLE = Automatic;
				DEVELOPMENT_TEAM = 5UY85AYC97;
				INFOPLIST_FILE = iHome/Info.plist;
				LD_RUNPATH_SEARCH_PATHS = (
					"$(inherited)",
					"@executable_path/Frameworks",
				);
				PRODUCT_BUNDLE_IDENTIFIER = com.appfish.iHome;
				PRODUCT_NAME = "$(TARGET_NAME)";
				TARGETED_DEVICE_FAMILY = "1,2";
			};
			name = Debug;
		};
		934D02C924627F77005B2098 /* Release */ = {
			isa = XCBuildConfiguration;
			buildSettings = {
				ASSETCATALOG_COMPILER_APPICON_NAME = AppIcon;
				CODE_SIGN_ENTITLEMENTS = iHome/iHome.entitlements;
				CODE_SIGN_STYLE = Automatic;
				DEVELOPMENT_TEAM = 5UY85AYC97;
				INFOPLIST_FILE = iHome/Info.plist;
				LD_RUNPATH_SEARCH_PATHS = (
					"$(inherited)",
					"@executable_path/Frameworks",
				);
				PRODUCT_BUNDLE_IDENTIFIER = com.appfish.iHome;
				PRODUCT_NAME = "$(TARGET_NAME)";
				TARGETED_DEVICE_FAMILY = "1,2";
			};
			name = Release;
		};
/* End XCBuildConfiguration section */

/* Begin XCConfigurationList section */
		934D02A624627F70005B2098 /* Build configuration list for PBXProject "iHome" */ = {
			isa = XCConfigurationList;
			buildConfigurations = (
				934D02C524627F77005B2098 /* Debug */,
				934D02C624627F77005B2098 /* Release */,
			);
			defaultConfigurationIsVisible = 0;
			defaultConfigurationName = Release;
		};
		934D02C724627F77005B2098 /* Build configuration list for PBXNativeTarget "iHome" */ = {
			isa = XCConfigurationList;
			buildConfigurations = (
				934D02C824627F77005B2098 /* Debug */,
				934D02C924627F77005B2098 /* Release */,
			);
			defaultConfigurationIsVisible = 0;
			defaultConfigurationName = Release;
		};
/* End XCConfigurationList section */

/* Begin XCVersionGroup section */
		934D02BA24627F70005B2098 /* iHome.xcdatamodeld */ = {
			isa = XCVersionGroup;
			children = (
				934D02BB24627F70005B2098 /* iHome.xcdatamodel */,
			);
			currentVersion = 934D02BB24627F70005B2098 /* iHome.xcdatamodel */;
			path = iHome.xcdatamodeld;
			sourceTree = "<group>";
			versionGroupType = wrapper.xcdatamodel;
		};
/* End XCVersionGroup section */
	};
	rootObject = 934D02A324627F70005B2098 /* Project object */;
}
