// !$*UTF8*$!
{
	archiveVersion = 1;
	classes = {
	};
	objectVersion = 50;
	objects = {

/* Begin PBXBuildFile section */
		9303A220246E2C500053EE06 /* HomeKit.framework in Frameworks */ = {isa = PBXBuildFile; fileRef = 9303A21F246E2C500053EE06 /* HomeKit.framework */; };
		933EFD912470D4F10090134C /* HomeSettingsViewController.m in Sources */ = {isa = PBXBuildFile; fileRef = 933EFD902470D4F10090134C /* HomeSettingsViewController.m */; };
		934D02B024627F70005B2098 /* AppDelegate.m in Sources */ = {isa = PBXBuildFile; fileRef = 934D02AF24627F70005B2098 /* AppDelegate.m */; };
		934D02B324627F70005B2098 /* SceneDelegate.m in Sources */ = {isa = PBXBuildFile; fileRef = 934D02B224627F70005B2098 /* SceneDelegate.m */; };
		934D02B924627F70005B2098 /* Main.storyboard in Resources */ = {isa = PBXBuildFile; fileRef = 934D02B724627F70005B2098 /* Main.storyboard */; };
		934D02BC24627F70005B2098 /* iHome.xcdatamodeld in Sources */ = {isa = PBXBuildFile; fileRef = 934D02BA24627F70005B2098 /* iHome.xcdatamodeld */; };
		934D02BE24627F77005B2098 /* Assets.xcassets in Resources */ = {isa = PBXBuildFile; fileRef = 934D02BD24627F77005B2098 /* Assets.xcassets */; };
		934D02C124627F77005B2098 /* LaunchScreen.storyboard in Resources */ = {isa = PBXBuildFile; fileRef = 934D02BF24627F77005B2098 /* LaunchScreen.storyboard */; };
		934D02C424627F77005B2098 /* main.m in Sources */ = {isa = PBXBuildFile; fileRef = 934D02C324627F77005B2098 /* main.m */; };
		934D02D224628B3C005B2098 /* RootViewController.m in Sources */ = {isa = PBXBuildFile; fileRef = 934D02D124628B3C005B2098 /* RootViewController.m */; };
		9351FF1D2475C01C0089FD42 /* AutomationViewController.m in Sources */ = {isa = PBXBuildFile; fileRef = 9351FF1C2475C01C0089FD42 /* AutomationViewController.m */; };
		936AA9612474627900F97E7F /* RoomViewController.m in Sources */ = {isa = PBXBuildFile; fileRef = 936AA9602474627900F97E7F /* RoomViewController.m */; };
		937A950F247E14FC003B0859 /* HMAccessory+Control.m in Sources */ = {isa = PBXBuildFile; fileRef = 937A950E247E14FC003B0859 /* HMAccessory+Control.m */; };
		937A9512247E1B7D003B0859 /* NSArray+Utility.m in Sources */ = {isa = PBXBuildFile; fileRef = 937A9511247E1B7D003B0859 /* NSArray+Utility.m */; };
		937A9539247F8373003B0859 /* AccessoryCell.m in Sources */ = {isa = PBXBuildFile; fileRef = 937A9538247F8373003B0859 /* AccessoryCell.m */; };
		937F94F9246FB15900E9AD5F /* AccessoryViewController.m in Sources */ = {isa = PBXBuildFile; fileRef = 937F94F8246FB15900E9AD5F /* AccessoryViewController.m */; };
		93A176862479BA2E0010BD40 /* HomeStore+HomeDelegate.m in Sources */ = {isa = PBXBuildFile; fileRef = 93A176852479BA2E0010BD40 /* HomeStore+HomeDelegate.m */; };
		93A176882479BACE0010BD40 /* README.md in Resources */ = {isa = PBXBuildFile; fileRef = 93A176872479BACE0010BD40 /* README.md */; };
		93A1768B2479D2F10010BD40 /* HomeStore+AccessoryDelegate.m in Sources */ = {isa = PBXBuildFile; fileRef = 93A1768A2479D2F10010BD40 /* HomeStore+AccessoryDelegate.m */; };
		93A1768F247A2BBA0010BD40 /* RootViewController+HomeManagerDelegate.m in Sources */ = {isa = PBXBuildFile; fileRef = 93A1768E247A2BBA0010BD40 /* RootViewController+HomeManagerDelegate.m */; };
		93A17696247A45BC0010BD40 /* RootViewController+HomeDelegate.m in Sources */ = {isa = PBXBuildFile; fileRef = 93A17695247A45BC0010BD40 /* RootViewController+HomeDelegate.m */; };
		93A17699247A5C930010BD40 /* RootViewController+CollectionView.m in Sources */ = {isa = PBXBuildFile; fileRef = 93A17698247A5C930010BD40 /* RootViewController+CollectionView.m */; };
		93A1769C247B5AE80010BD40 /* RoomViewController+CollectionView.m in Sources */ = {isa = PBXBuildFile; fileRef = 93A1769B247B5AE80010BD40 /* RoomViewController+CollectionView.m */; };
		93DAC4932485FF0400AB6321 /* iHomeTests.m in Sources */ = {isa = PBXBuildFile; fileRef = 93DAC4922485FF0400AB6321 /* iHomeTests.m */; };
		93E9A94F2471D58B00A47A5B /* HomeStore.m in Sources */ = {isa = PBXBuildFile; fileRef = 93E9A94E2471D58B00A47A5B /* HomeStore.m */; };
/* End PBXBuildFile section */

/* Begin PBXContainerItemProxy section */
		93DAC4952485FF0400AB6321 /* PBXContainerItemProxy */ = {
			isa = PBXContainerItemProxy;
			containerPortal = 934D02A324627F70005B2098 /* Project object */;
			proxyType = 1;
			remoteGlobalIDString = 934D02AA24627F70005B2098;
			remoteInfo = iHome;
		};
/* End PBXContainerItemProxy section */

/* Begin PBXFileReference section */
		9303A21D246E2BF80053EE06 /* iHome.entitlements */ = {isa = PBXFileReference; lastKnownFileType = text.plist.entitlements; path = iHome.entitlements; sourceTree = "<group>"; };
		9303A21F246E2C500053EE06 /* HomeKit.framework */ = {isa = PBXFileReference; lastKnownFileType = wrapper.framework; name = HomeKit.framework; path = System/Library/Frameworks/HomeKit.framework; sourceTree = SDKROOT; };
		933EFD8F2470D4F10090134C /* HomeSettingsViewController.h */ = {isa = PBXFileReference; lastKnownFileType = sourcecode.c.h; path = HomeSettingsViewController.h; sourceTree = "<group>"; };
		933EFD902470D4F10090134C /* HomeSettingsViewController.m */ = {isa = PBXFileReference; lastKnownFileType = sourcecode.c.objc; path = HomeSettingsViewController.m; sourceTree = "<group>"; };
		934D02AB24627F70005B2098 /* iHome.app */ = {isa = PBXFileReference; explicitFileType = wrapper.application; includeInIndex = 0; path = iHome.app; sourceTree = BUILT_PRODUCTS_DIR; };
		934D02AE24627F70005B2098 /* AppDelegate.h */ = {isa = PBXFileReference; lastKnownFileType = sourcecode.c.h; path = AppDelegate.h; sourceTree = "<group>"; };
		934D02AF24627F70005B2098 /* AppDelegate.m */ = {isa = PBXFileReference; lastKnownFileType = sourcecode.c.objc; path = AppDelegate.m; sourceTree = "<group>"; };
		934D02B124627F70005B2098 /* SceneDelegate.h */ = {isa = PBXFileReference; lastKnownFileType = sourcecode.c.h; path = SceneDelegate.h; sourceTree = "<group>"; };
		934D02B224627F70005B2098 /* SceneDelegate.m */ = {isa = PBXFileReference; lastKnownFileType = sourcecode.c.objc; path = SceneDelegate.m; sourceTree = "<group>"; };
		934D02B824627F70005B2098 /* Base */ = {isa = PBXFileReference; lastKnownFileType = file.storyboard; name = Base; path = Base.lproj/Main.storyboard; sourceTree = "<group>"; };
		934D02BB24627F70005B2098 /* iHome.xcdatamodel */ = {isa = PBXFileReference; lastKnownFileType = wrapper.xcdatamodel; path = iHome.xcdatamodel; sourceTree = "<group>"; };
		934D02BD24627F77005B2098 /* Assets.xcassets */ = {isa = PBXFileReference; lastKnownFileType = folder.assetcatalog; path = Assets.xcassets; sourceTree = "<group>"; };
		934D02C024627F77005B2098 /* Base */ = {isa = PBXFileReference; lastKnownFileType = file.storyboard; name = Base; path = Base.lproj/LaunchScreen.storyboard; sourceTree = "<group>"; };
		934D02C224627F77005B2098 /* Info.plist */ = {isa = PBXFileReference; lastKnownFileType = text.plist.xml; path = Info.plist; sourceTree = "<group>"; };
		934D02C324627F77005B2098 /* main.m */ = {isa = PBXFileReference; lastKnownFileType = sourcecode.c.objc; path = main.m; sourceTree = "<group>"; };
		934D02D024628B3C005B2098 /* RootViewController.h */ = {isa = PBXFileReference; lastKnownFileType = sourcecode.c.h; path = RootViewController.h; sourceTree = "<group>"; };
		934D02D124628B3C005B2098 /* RootViewController.m */ = {isa = PBXFileReference; lastKnownFileType = sourcecode.c.objc; path = RootViewController.m; sourceTree = "<group>"; };
		9351FF1B2475C01C0089FD42 /* AutomationViewController.h */ = {isa = PBXFileReference; lastKnownFileType = sourcecode.c.h; path = AutomationViewController.h; sourceTree = "<group>"; };
		9351FF1C2475C01C0089FD42 /* AutomationViewController.m */ = {isa = PBXFileReference; lastKnownFileType = sourcecode.c.objc; path = AutomationViewController.m; sourceTree = "<group>"; };
		936AA95F2474627900F97E7F /* RoomViewController.h */ = {isa = PBXFileReference; lastKnownFileType = sourcecode.c.h; path = RoomViewController.h; sourceTree = "<group>"; };
		936AA9602474627900F97E7F /* RoomViewController.m */ = {isa = PBXFileReference; lastKnownFileType = sourcecode.c.objc; path = RoomViewController.m; sourceTree = "<group>"; };
		937A950D247E14FC003B0859 /* HMAccessory+Control.h */ = {isa = PBXFileReference; lastKnownFileType = sourcecode.c.h; path = "HMAccessory+Control.h"; sourceTree = "<group>"; };
		937A950E247E14FC003B0859 /* HMAccessory+Control.m */ = {isa = PBXFileReference; lastKnownFileType = sourcecode.c.objc; path = "HMAccessory+Control.m"; sourceTree = "<group>"; };
		937A9510247E1B7D003B0859 /* NSArray+Utility.h */ = {isa = PBXFileReference; lastKnownFileType = sourcecode.c.h; path = "NSArray+Utility.h"; sourceTree = "<group>"; };
		937A9511247E1B7D003B0859 /* NSArray+Utility.m */ = {isa = PBXFileReference; lastKnownFileType = sourcecode.c.objc; path = "NSArray+Utility.m"; sourceTree = "<group>"; };
		937A9537247F8373003B0859 /* AccessoryCell.h */ = {isa = PBXFileReference; lastKnownFileType = sourcecode.c.h; path = AccessoryCell.h; sourceTree = "<group>"; };
		937A9538247F8373003B0859 /* AccessoryCell.m */ = {isa = PBXFileReference; lastKnownFileType = sourcecode.c.objc; path = AccessoryCell.m; sourceTree = "<group>"; };
		937F94F7246FB15900E9AD5F /* AccessoryViewController.h */ = {isa = PBXFileReference; lastKnownFileType = sourcecode.c.h; path = AccessoryViewController.h; sourceTree = "<group>"; };
		937F94F8246FB15900E9AD5F /* AccessoryViewController.m */ = {isa = PBXFileReference; lastKnownFileType = sourcecode.c.objc; path = AccessoryViewController.m; sourceTree = "<group>"; };
		93A176842479BA2E0010BD40 /* HomeStore+HomeDelegate.h */ = {isa = PBXFileReference; lastKnownFileType = sourcecode.c.h; path = "HomeStore+HomeDelegate.h"; sourceTree = "<group>"; };
		93A176852479BA2E0010BD40 /* HomeStore+HomeDelegate.m */ = {isa = PBXFileReference; lastKnownFileType = sourcecode.c.objc; path = "HomeStore+HomeDelegate.m"; sourceTree = "<group>"; };
		93A176872479BACE0010BD40 /* README.md */ = {isa = PBXFileReference; fileEncoding = 4; lastKnownFileType = net.daringfireball.markdown; path = README.md; sourceTree = "<group>"; };
		93A176892479D2F10010BD40 /* HomeStore+AccessoryDelegate.h */ = {isa = PBXFileReference; lastKnownFileType = sourcecode.c.h; path = "HomeStore+AccessoryDelegate.h"; sourceTree = "<group>"; };
		93A1768A2479D2F10010BD40 /* HomeStore+AccessoryDelegate.m */ = {isa = PBXFileReference; lastKnownFileType = sourcecode.c.objc; path = "HomeStore+AccessoryDelegate.m"; sourceTree = "<group>"; };
		93A1768D247A2BBA0010BD40 /* RootViewController+HomeManagerDelegate.h */ = {isa = PBXFileReference; lastKnownFileType = sourcecode.c.h; path = "RootViewController+HomeManagerDelegate.h"; sourceTree = "<group>"; };
		93A1768E247A2BBA0010BD40 /* RootViewController+HomeManagerDelegate.m */ = {isa = PBXFileReference; lastKnownFileType = sourcecode.c.objc; path = "RootViewController+HomeManagerDelegate.m"; sourceTree = "<group>"; };
		93A17694247A45BC0010BD40 /* RootViewController+HomeDelegate.h */ = {isa = PBXFileReference; lastKnownFileType = sourcecode.c.h; path = "RootViewController+HomeDelegate.h"; sourceTree = "<group>"; };
		93A17695247A45BC0010BD40 /* RootViewController+HomeDelegate.m */ = {isa = PBXFileReference; lastKnownFileType = sourcecode.c.objc; path = "RootViewController+HomeDelegate.m"; sourceTree = "<group>"; };
		93A17697247A5C930010BD40 /* RootViewController+CollectionView.h */ = {isa = PBXFileReference; lastKnownFileType = sourcecode.c.h; path = "RootViewController+CollectionView.h"; sourceTree = "<group>"; };
		93A17698247A5C930010BD40 /* RootViewController+CollectionView.m */ = {isa = PBXFileReference; lastKnownFileType = sourcecode.c.objc; path = "RootViewController+CollectionView.m"; sourceTree = "<group>"; };
		93A1769A247B5AE80010BD40 /* RoomViewController+CollectionView.h */ = {isa = PBXFileReference; lastKnownFileType = sourcecode.c.h; path = "RoomViewController+CollectionView.h"; sourceTree = "<group>"; };
		93A1769B247B5AE80010BD40 /* RoomViewController+CollectionView.m */ = {isa = PBXFileReference; lastKnownFileType = sourcecode.c.objc; path = "RoomViewController+CollectionView.m"; sourceTree = "<group>"; };
		93DAC4902485FF0400AB6321 /* iHomeTests.xctest */ = {isa = PBXFileReference; explicitFileType = wrapper.cfbundle; includeInIndex = 0; path = iHomeTests.xctest; sourceTree = BUILT_PRODUCTS_DIR; };
		93DAC4922485FF0400AB6321 /* iHomeTests.m */ = {isa = PBXFileReference; lastKnownFileType = sourcecode.c.objc; name = iHomeTests.m; path = iHomeTests/iHomeTests.m; sourceTree = SOURCE_ROOT; };
		93DAC4942485FF0400AB6321 /* Info.plist */ = {isa = PBXFileReference; lastKnownFileType = text.plist.xml; path = Info.plist; sourceTree = "<group>"; };
		93E9A94D2471D58B00A47A5B /* HomeStore.h */ = {isa = PBXFileReference; lastKnownFileType = sourcecode.c.h; path = HomeStore.h; sourceTree = "<group>"; };
		93E9A94E2471D58B00A47A5B /* HomeStore.m */ = {isa = PBXFileReference; lastKnownFileType = sourcecode.c.objc; path = HomeStore.m; sourceTree = "<group>"; };
/* End PBXFileReference section */

/* Begin PBXFrameworksBuildPhase section */
		934D02A824627F70005B2098 /* Frameworks */ = {
			isa = PBXFrameworksBuildPhase;
			buildActionMask = 2147483647;
			files = (
				9303A220246E2C500053EE06 /* HomeKit.framework in Frameworks */,
			);
			runOnlyForDeploymentPostprocessing = 0;
		};
		93DAC48D2485FF0400AB6321 /* Frameworks */ = {
			isa = PBXFrameworksBuildPhase;
			buildActionMask = 2147483647;
			files = (
			);
			runOnlyForDeploymentPostprocessing = 0;
		};
/* End PBXFrameworksBuildPhase section */

/* Begin PBXGroup section */
		8403AF452488B1FF000C8332 /* AppDelegate */ = {
			isa = PBXGroup;
			children = (
				934D02AE24627F70005B2098 /* AppDelegate.h */,
				934D02AF24627F70005B2098 /* AppDelegate.m */,
				934D02B124627F70005B2098 /* SceneDelegate.h */,
				934D02B224627F70005B2098 /* SceneDelegate.m */,
				934D02C324627F77005B2098 /* main.m */,
				934D02C224627F77005B2098 /* Info.plist */,
				9303A21D246E2BF80053EE06 /* iHome.entitlements */,
				934D02BA24627F70005B2098 /* iHome.xcdatamodeld */,
			);
			path = AppDelegate;
			sourceTree = "<group>";
		};
		9303A21E246E2C500053EE06 /* Frameworks */ = {
			isa = PBXGroup;
			children = (
				9303A21F246E2C500053EE06 /* HomeKit.framework */,
			);
			name = Frameworks;
			sourceTree = "<group>";
		};
		93320D532475C3E9005E15E8 /* HomeStore */ = {
			isa = PBXGroup;
			children = (
				93E9A94D2471D58B00A47A5B /* HomeStore.h */,
				93E9A94E2471D58B00A47A5B /* HomeStore.m */,
				93A176842479BA2E0010BD40 /* HomeStore+HomeDelegate.h */,
				93A176852479BA2E0010BD40 /* HomeStore+HomeDelegate.m */,
				93A176892479D2F10010BD40 /* HomeStore+AccessoryDelegate.h */,
				93A1768A2479D2F10010BD40 /* HomeStore+AccessoryDelegate.m */,
			);
			path = HomeStore;
			sourceTree = "<group>";
		};
		934D02A224627F70005B2098 = {
			isa = PBXGroup;
			children = (
				93A176872479BACE0010BD40 /* README.md */,
				934D02AD24627F70005B2098 /* iHome */,
				93DAC4912485FF0400AB6321 /* iHomeTests */,
				934D02AC24627F70005B2098 /* Products */,
				9303A21E246E2C500053EE06 /* Frameworks */,
			);
			sourceTree = "<group>";
		};
		934D02AC24627F70005B2098 /* Products */ = {
			isa = PBXGroup;
			children = (
				934D02AB24627F70005B2098 /* iHome.app */,
				93DAC4902485FF0400AB6321 /* iHomeTests.xctest */,
			);
			name = Products;
			sourceTree = "<group>";
		};
		934D02AD24627F70005B2098 /* iHome */ = {
			isa = PBXGroup;
			children = (
				934D02BD24627F77005B2098 /* Assets.xcassets */,
				934D02BF24627F77005B2098 /* LaunchScreen.storyboard */,
				934D02B724627F70005B2098 /* Main.storyboard */,
				8403AF452488B1FF000C8332 /* AppDelegate */,
				93320D532475C3E9005E15E8 /* HomeStore */,
				93A1768C247A2A9B0010BD40 /* RootView */,
				93A17690247A3DED0010BD40 /* RoomView */,
				93A17691247A3DFA0010BD40 /* AutomationView */,
				93A17692247A3E060010BD40 /* HomeSettingsView */,
				93A17693247A3E0E0010BD40 /* AccessoryView */,
				937A953B247FA97B003B0859 /* Accessory */,
				937A953A247FA970003B0859 /* Utility */,
			);
			path = iHome;
			sourceTree = "<group>";
		};
		937A953A247FA970003B0859 /* Utility */ = {
			isa = PBXGroup;
			children = (
				937A9510247E1B7D003B0859 /* NSArray+Utility.h */,
				937A9511247E1B7D003B0859 /* NSArray+Utility.m */,
			);
			path = Utility;
			sourceTree = "<group>";
		};
		937A953B247FA97B003B0859 /* Accessory */ = {
			isa = PBXGroup;
			children = (
				937A950D247E14FC003B0859 /* HMAccessory+Control.h */,
				937A950E247E14FC003B0859 /* HMAccessory+Control.m */,
				937A9537247F8373003B0859 /* AccessoryCell.h */,
				937A9538247F8373003B0859 /* AccessoryCell.m */,
			);
			path = Accessory;
			sourceTree = "<group>";
		};
		93A1768C247A2A9B0010BD40 /* RootView */ = {
			isa = PBXGroup;
			children = (
				934D02D024628B3C005B2098 /* RootViewController.h */,
				934D02D124628B3C005B2098 /* RootViewController.m */,
				93A17697247A5C930010BD40 /* RootViewController+CollectionView.h */,
				93A17698247A5C930010BD40 /* RootViewController+CollectionView.m */,
				93A1768D247A2BBA0010BD40 /* RootViewController+HomeManagerDelegate.h */,
				93A1768E247A2BBA0010BD40 /* RootViewController+HomeManagerDelegate.m */,
				93A17694247A45BC0010BD40 /* RootViewController+HomeDelegate.h */,
				93A17695247A45BC0010BD40 /* RootViewController+HomeDelegate.m */,
			);
			path = RootView;
			sourceTree = "<group>";
		};
		93A17690247A3DED0010BD40 /* RoomView */ = {
			isa = PBXGroup;
			children = (
				936AA95F2474627900F97E7F /* RoomViewController.h */,
				936AA9602474627900F97E7F /* RoomViewController.m */,
				93A1769A247B5AE80010BD40 /* RoomViewController+CollectionView.h */,
				93A1769B247B5AE80010BD40 /* RoomViewController+CollectionView.m */,
			);
			path = RoomView;
			sourceTree = "<group>";
		};
		93A17691247A3DFA0010BD40 /* AutomationView */ = {
			isa = PBXGroup;
			children = (
				9351FF1B2475C01C0089FD42 /* AutomationViewController.h */,
				9351FF1C2475C01C0089FD42 /* AutomationViewController.m */,
			);
			path = AutomationView;
			sourceTree = "<group>";
		};
		93A17692247A3E060010BD40 /* HomeSettingsView */ = {
			isa = PBXGroup;
			children = (
				933EFD8F2470D4F10090134C /* HomeSettingsViewController.h */,
				933EFD902470D4F10090134C /* HomeSettingsViewController.m */,
			);
			path = HomeSettingsView;
			sourceTree = "<group>";
		};
		93A17693247A3E0E0010BD40 /* AccessoryView */ = {
			isa = PBXGroup;
			children = (
				937F94F7246FB15900E9AD5F /* AccessoryViewController.h */,
				937F94F8246FB15900E9AD5F /* AccessoryViewController.m */,
			);
			path = AccessoryView;
			sourceTree = "<group>";
		};
		93DAC4912485FF0400AB6321 /* iHomeTests */ = {
			isa = PBXGroup;
			children = (
				93DAC4922485FF0400AB6321 /* iHomeTests.m */,
				93DAC4942485FF0400AB6321 /* Info.plist */,
			);
			path = iHomeTests;
			sourceTree = "<group>";
		};
/* End PBXGroup section */

/* Begin PBXNativeTarget section */
		934D02AA24627F70005B2098 /* iHome */ = {
			isa = PBXNativeTarget;
			buildConfigurationList = 934D02C724627F77005B2098 /* Build configuration list for PBXNativeTarget "iHome" */;
			buildPhases = (
				934D02A724627F70005B2098 /* Sources */,
				934D02A824627F70005B2098 /* Frameworks */,
				934D02A924627F70005B2098 /* Resources */,
			);
			buildRules = (
			);
			dependencies = (
			);
			name = iHome;
			productName = iHome;
			productReference = 934D02AB24627F70005B2098 /* iHome.app */;
			productType = "com.apple.product-type.application";
		};
		93DAC48F2485FF0400AB6321 /* iHomeTests */ = {
			isa = PBXNativeTarget;
			buildConfigurationList = 93DAC4992485FF0400AB6321 /* Build configuration list for PBXNativeTarget "iHomeTests" */;
			buildPhases = (
				93DAC48C2485FF0400AB6321 /* Sources */,
				93DAC48D2485FF0400AB6321 /* Frameworks */,
				93DAC48E2485FF0400AB6321 /* Resources */,
			);
			buildRules = (
			);
			dependencies = (
				93DAC4962485FF0400AB6321 /* PBXTargetDependency */,
			);
			name = iHomeTests;
			productName = iHomeTests;
			productReference = 93DAC4902485FF0400AB6321 /* iHomeTests.xctest */;
			productType = "com.apple.product-type.bundle.unit-test";
		};
/* End PBXNativeTarget section */

/* Begin PBXProject section */
		934D02A324627F70005B2098 /* Project object */ = {
			isa = PBXProject;
			attributes = {
				LastUpgradeCheck = 1130;
				ORGANIZATIONNAME = alexhongs;
				TargetAttributes = {
					934D02AA24627F70005B2098 = {
						CreatedOnToolsVersion = 11.3.1;
					};
					93DAC48F2485FF0400AB6321 = {
						CreatedOnToolsVersion = 11.5;
						TestTargetID = 934D02AA24627F70005B2098;
					};
				};
			};
			buildConfigurationList = 934D02A624627F70005B2098 /* Build configuration list for PBXProject "iHome" */;
			compatibilityVersion = "Xcode 9.3";
			developmentRegion = en;
			hasScannedForEncodings = 0;
			knownRegions = (
				en,
				Base,
			);
			mainGroup = 934D02A224627F70005B2098;
			productRefGroup = 934D02AC24627F70005B2098 /* Products */;
			projectDirPath = "";
			projectRoot = "";
			targets = (
				934D02AA24627F70005B2098 /* iHome */,
				93DAC48F2485FF0400AB6321 /* iHomeTests */,
			);
		};
/* End PBXProject section */

/* Begin PBXResourcesBuildPhase section */
		934D02A924627F70005B2098 /* Resources */ = {
			isa = PBXResourcesBuildPhase;
			buildActionMask = 2147483647;
			files = (
				934D02C124627F77005B2098 /* LaunchScreen.storyboard in Resources */,
				934D02BE24627F77005B2098 /* Assets.xcassets in Resources */,
				93A176882479BACE0010BD40 /* README.md in Resources */,
				934D02B924627F70005B2098 /* Main.storyboard in Resources */,
			);
			runOnlyForDeploymentPostprocessing = 0;
		};
		93DAC48E2485FF0400AB6321 /* Resources */ = {
			isa = PBXResourcesBuildPhase;
			buildActionMask = 2147483647;
			files = (
			);
			runOnlyForDeploymentPostprocessing = 0;
		};
/* End PBXResourcesBuildPhase section */

/* Begin PBXSourcesBuildPhase section */
		934D02A724627F70005B2098 /* Sources */ = {
			isa = PBXSourcesBuildPhase;
			buildActionMask = 2147483647;
			files = (
				937A9539247F8373003B0859 /* AccessoryCell.m in Sources */,
				93A17696247A45BC0010BD40 /* RootViewController+HomeDelegate.m in Sources */,
				933EFD912470D4F10090134C /* HomeSettingsViewController.m in Sources */,
				936AA9612474627900F97E7F /* RoomViewController.m in Sources */,
				934D02C424627F77005B2098 /* main.m in Sources */,
				9351FF1D2475C01C0089FD42 /* AutomationViewController.m in Sources */,
				934D02BC24627F70005B2098 /* iHome.xcdatamodeld in Sources */,
				93A17699247A5C930010BD40 /* RootViewController+CollectionView.m in Sources */,
				934D02B024627F70005B2098 /* AppDelegate.m in Sources */,
				934D02B324627F70005B2098 /* SceneDelegate.m in Sources */,
				93A176862479BA2E0010BD40 /* HomeStore+HomeDelegate.m in Sources */,
				937F94F9246FB15900E9AD5F /* AccessoryViewController.m in Sources */,
				934D02D224628B3C005B2098 /* RootViewController.m in Sources */,
				93A1769C247B5AE80010BD40 /* RoomViewController+CollectionView.m in Sources */,
				937A950F247E14FC003B0859 /* HMAccessory+Control.m in Sources */,
				93A1768B2479D2F10010BD40 /* HomeStore+AccessoryDelegate.m in Sources */,
				937A9512247E1B7D003B0859 /* NSArray+Utility.m in Sources */,
				93A1768F247A2BBA0010BD40 /* RootViewController+HomeManagerDelegate.m in Sources */,
				93E9A94F2471D58B00A47A5B /* HomeStore.m in Sources */,
			);
			runOnlyForDeploymentPostprocessing = 0;
		};
		93DAC48C2485FF0400AB6321 /* Sources */ = {
			isa = PBXSourcesBuildPhase;
			buildActionMask = 2147483647;
			files = (
				93DAC4932485FF0400AB6321 /* iHomeTests.m in Sources */,
			);
			runOnlyForDeploymentPostprocessing = 0;
		};
/* End PBXSourcesBuildPhase section */

/* Begin PBXTargetDependency section */
		93DAC4962485FF0400AB6321 /* PBXTargetDependency */ = {
			isa = PBXTargetDependency;
			target = 934D02AA24627F70005B2098 /* iHome */;
			targetProxy = 93DAC4952485FF0400AB6321 /* PBXContainerItemProxy */;
		};
/* End PBXTargetDependency section */

/* Begin PBXVariantGroup section */
		934D02B724627F70005B2098 /* Main.storyboard */ = {
			isa = PBXVariantGroup;
			children = (
				934D02B824627F70005B2098 /* Base */,
			);
			name = Main.storyboard;
			sourceTree = "<group>";
		};
		934D02BF24627F77005B2098 /* LaunchScreen.storyboard */ = {
			isa = PBXVariantGroup;
			children = (
				934D02C024627F77005B2098 /* Base */,
			);
			name = LaunchScreen.storyboard;
			sourceTree = "<group>";
		};
/* End PBXVariantGroup section */

/* Begin XCBuildConfiguration section */
		934D02C524627F77005B2098 /* Debug */ = {
			isa = XCBuildConfiguration;
			buildSettings = {
				ALWAYS_SEARCH_USER_PATHS = NO;
				CLANG_ANALYZER_NONNULL = YES;
				CLANG_ANALYZER_NUMBER_OBJECT_CONVERSION = YES_AGGRESSIVE;
				CLANG_CXX_LANGUAGE_STANDARD = "gnu++14";
				CLANG_CXX_LIBRARY = "libc++";
				CLANG_ENABLE_MODULES = YES;
				CLANG_ENABLE_OBJC_ARC = YES;
				CLANG_ENABLE_OBJC_WEAK = YES;
				CLANG_WARN_BLOCK_CAPTURE_AUTORELEASING = YES;
				CLANG_WARN_BOOL_CONVERSION = YES;
				CLANG_WARN_COMMA = YES;
				CLANG_WARN_CONSTANT_CONVERSION = YES;
				CLANG_WARN_DEPRECATED_OBJC_IMPLEMENTATIONS = YES;
				CLANG_WARN_DIRECT_OBJC_ISA_USAGE = YES_ERROR;
				CLANG_WARN_DOCUMENTATION_COMMENTS = YES;
				CLANG_WARN_EMPTY_BODY = YES;
				CLANG_WARN_ENUM_CONVERSION = YES;
				CLANG_WARN_INFINITE_RECURSION = YES;
				CLANG_WARN_INT_CONVERSION = YES;
				CLANG_WARN_NON_LITERAL_NULL_CONVERSION = YES;
				CLANG_WARN_OBJC_IMPLICIT_RETAIN_SELF = YES;
				CLANG_WARN_OBJC_LITERAL_CONVERSION = YES;
				CLANG_WARN_OBJC_ROOT_CLASS = YES_ERROR;
				CLANG_WARN_RANGE_LOOP_ANALYSIS = YES;
				CLANG_WARN_STRICT_PROTOTYPES = YES;
				CLANG_WARN_SUSPICIOUS_MOVE = YES;
				CLANG_WARN_UNGUARDED_AVAILABILITY = YES_AGGRESSIVE;
				CLANG_WARN_UNREACHABLE_CODE = YES;
				CLANG_WARN__DUPLICATE_METHOD_MATCH = YES;
				CODE_SIGN_IDENTITY = "Apple Development";
				COPY_PHASE_STRIP = NO;
				DEBUG_INFORMATION_FORMAT = dwarf;
				ENABLE_STRICT_OBJC_MSGSEND = YES;
				ENABLE_TESTABILITY = YES;
				GCC_C_LANGUAGE_STANDARD = gnu11;
				GCC_DYNAMIC_NO_PIC = NO;
				GCC_NO_COMMON_BLOCKS = YES;
				GCC_OPTIMIZATION_LEVEL = 0;
				GCC_PREPROCESSOR_DEFINITIONS = (
					"DEBUG=1",
					"$(inherited)",
				);
				GCC_WARN_64_TO_32_BIT_CONVERSION = YES;
				GCC_WARN_ABOUT_RETURN_TYPE = YES_ERROR;
				GCC_WARN_UNDECLARED_SELECTOR = YES;
				GCC_WARN_UNINITIALIZED_AUTOS = YES_AGGRESSIVE;
				GCC_WARN_UNUSED_FUNCTION = YES;
				GCC_WARN_UNUSED_VARIABLE = YES;
				IPHONEOS_DEPLOYMENT_TARGET = 13.2;
				MTL_ENABLE_DEBUG_INFO = INCLUDE_SOURCE;
				MTL_FAST_MATH = YES;
				ONLY_ACTIVE_ARCH = YES;
				SDKROOT = iphoneos;
			};
			name = Debug;
		};
		934D02C624627F77005B2098 /* Release */ = {
			isa = XCBuildConfiguration;
			buildSettings = {
				ALWAYS_SEARCH_USER_PATHS = NO;
				CLANG_ANALYZER_NONNULL = YES;
				CLANG_ANALYZER_NUMBER_OBJECT_CONVERSION = YES_AGGRESSIVE;
				CLANG_CXX_LANGUAGE_STANDARD = "gnu++14";
				CLANG_CXX_LIBRARY = "libc++";
				CLANG_ENABLE_MODULES = YES;
				CLANG_ENABLE_OBJC_ARC = YES;
				CLANG_ENABLE_OBJC_WEAK = YES;
				CLANG_WARN_BLOCK_CAPTURE_AUTORELEASING = YES;
				CLANG_WARN_BOOL_CONVERSION = YES;
				CLANG_WARN_COMMA = YES;
				CLANG_WARN_CONSTANT_CONVERSION = YES;
				CLANG_WARN_DEPRECATED_OBJC_IMPLEMENTATIONS = YES;
				CLANG_WARN_DIRECT_OBJC_ISA_USAGE = YES_ERROR;
				CLANG_WARN_DOCUMENTATION_COMMENTS = YES;
				CLANG_WARN_EMPTY_BODY = YES;
				CLANG_WARN_ENUM_CONVERSION = YES;
				CLANG_WARN_INFINITE_RECURSION = YES;
				CLANG_WARN_INT_CONVERSION = YES;
				CLANG_WARN_NON_LITERAL_NULL_CONVERSION = YES;
				CLANG_WARN_OBJC_IMPLICIT_RETAIN_SELF = YES;
				CLANG_WARN_OBJC_LITERAL_CONVERSION = YES;
				CLANG_WARN_OBJC_ROOT_CLASS = YES_ERROR;
				CLANG_WARN_RANGE_LOOP_ANALYSIS = YES;
				CLANG_WARN_STRICT_PROTOTYPES = YES;
				CLANG_WARN_SUSPICIOUS_MOVE = YES;
				CLANG_WARN_UNGUARDED_AVAILABILITY = YES_AGGRESSIVE;
				CLANG_WARN_UNREACHABLE_CODE = YES;
				CLANG_WARN__DUPLICATE_METHOD_MATCH = YES;
				CODE_SIGN_IDENTITY = "Apple Development";
				COPY_PHASE_STRIP = NO;
				DEBUG_INFORMATION_FORMAT = "dwarf-with-dsym";
				ENABLE_NS_ASSERTIONS = NO;
				ENABLE_STRICT_OBJC_MSGSEND = YES;
				GCC_C_LANGUAGE_STANDARD = gnu11;
				GCC_NO_COMMON_BLOCKS = YES;
				GCC_WARN_64_TO_32_BIT_CONVERSION = YES;
				GCC_WARN_ABOUT_RETURN_TYPE = YES_ERROR;
				GCC_WARN_UNDECLARED_SELECTOR = YES;
				GCC_WARN_UNINITIALIZED_AUTOS = YES_AGGRESSIVE;
				GCC_WARN_UNUSED_FUNCTION = YES;
				GCC_WARN_UNUSED_VARIABLE = YES;
				IPHONEOS_DEPLOYMENT_TARGET = 13.2;
				MTL_ENABLE_DEBUG_INFO = NO;
				MTL_FAST_MATH = YES;
				SDKROOT = iphoneos;
				VALIDATE_PRODUCT = YES;
			};
			name = Release;
		};
		934D02C824627F77005B2098 /* Debug */ = {
			isa = XCBuildConfiguration;
			buildSettings = {
				ASSETCATALOG_COMPILER_APPICON_NAME = AppIcon;
				CODE_SIGN_ENTITLEMENTS = iHome/iHome.entitlements;
				CODE_SIGN_STYLE = Automatic;
				DEVELOPMENT_TEAM = 66E25664S2;
				INFOPLIST_FILE = iHome/Info.plist;
				LD_RUNPATH_SEARCH_PATHS = (
					"$(inherited)",
					"@executable_path/Frameworks",
				);
				PRODUCT_BUNDLE_IDENTIFIER = com.appfish.iHome;
				PRODUCT_NAME = "$(TARGET_NAME)";
				TARGETED_DEVICE_FAMILY = "1,2";
			};
			name = Debug;
		};
		934D02C924627F77005B2098 /* Release */ = {
			isa = XCBuildConfiguration;
			buildSettings = {
				ASSETCATALOG_COMPILER_APPICON_NAME = AppIcon;
				CODE_SIGN_ENTITLEMENTS = iHome/iHome.entitlements;
				CODE_SIGN_STYLE = Automatic;
				DEVELOPMENT_TEAM = 66E25664S2;
				INFOPLIST_FILE = iHome/Info.plist;
				LD_RUNPATH_SEARCH_PATHS = (
					"$(inherited)",
					"@executable_path/Frameworks",
				);
				PRODUCT_BUNDLE_IDENTIFIER = com.appfish.iHome;
				PRODUCT_NAME = "$(TARGET_NAME)";
				TARGETED_DEVICE_FAMILY = "1,2";
			};
			name = Release;
		};
		93DAC4972485FF0400AB6321 /* Debug */ = {
			isa = XCBuildConfiguration;
			buildSettings = {
				BUNDLE_LOADER = "$(TEST_HOST)";
				CODE_SIGN_IDENTITY = "Apple Development";
				"CODE_SIGN_IDENTITY[sdk=macosx*]" = "Apple Development";
				CODE_SIGN_STYLE = Automatic;
				DEVELOPMENT_TEAM = 66E25664S2;
				INFOPLIST_FILE = iHomeTests/Info.plist;
				IPHONEOS_DEPLOYMENT_TARGET = 13.4;
				LD_RUNPATH_SEARCH_PATHS = (
					"$(inherited)",
					"@executable_path/Frameworks",
					"@loader_path/Frameworks",
				);
				PRODUCT_BUNDLE_IDENTIFIER = com.appfish.iHomeTests;
				PRODUCT_NAME = "$(TARGET_NAME)";
				PROVISIONING_PROFILE_SPECIFIER = "";
				"PROVISIONING_PROFILE_SPECIFIER[sdk=macosx*]" = "";
				TARGETED_DEVICE_FAMILY = "1,2";
				TEST_HOST = "$(BUILT_PRODUCTS_DIR)/iHome.app/iHome";
			};
			name = Debug;
		};
		93DAC4982485FF0400AB6321 /* Release */ = {
			isa = XCBuildConfiguration;
			buildSettings = {
				BUNDLE_LOADER = "$(TEST_HOST)";
				CODE_SIGN_IDENTITY = "Apple Development";
				"CODE_SIGN_IDENTITY[sdk=macosx*]" = "Apple Development";
				CODE_SIGN_STYLE = Automatic;
				DEVELOPMENT_TEAM = 66E25664S2;
				INFOPLIST_FILE = iHomeTests/Info.plist;
				IPHONEOS_DEPLOYMENT_TARGET = 13.4;
				LD_RUNPATH_SEARCH_PATHS = (
					"$(inherited)",
					"@executable_path/Frameworks",
					"@loader_path/Frameworks",
				);
				PRODUCT_BUNDLE_IDENTIFIER = com.appfish.iHomeTests;
				PRODUCT_NAME = "$(TARGET_NAME)";
				PROVISIONING_PROFILE_SPECIFIER = "";
				"PROVISIONING_PROFILE_SPECIFIER[sdk=macosx*]" = "";
				TARGETED_DEVICE_FAMILY = "1,2";
				TEST_HOST = "$(BUILT_PRODUCTS_DIR)/iHome.app/iHome";
			};
			name = Release;
		};
/* End XCBuildConfiguration section */

/* Begin XCConfigurationList section */
		934D02A624627F70005B2098 /* Build configuration list for PBXProject "iHome" */ = {
			isa = XCConfigurationList;
			buildConfigurations = (
				934D02C524627F77005B2098 /* Debug */,
				934D02C624627F77005B2098 /* Release */,
			);
			defaultConfigurationIsVisible = 0;
			defaultConfigurationName = Release;
		};
		934D02C724627F77005B2098 /* Build configuration list for PBXNativeTarget "iHome" */ = {
			isa = XCConfigurationList;
			buildConfigurations = (
				934D02C824627F77005B2098 /* Debug */,
				934D02C924627F77005B2098 /* Release */,
			);
			defaultConfigurationIsVisible = 0;
			defaultConfigurationName = Release;
		};
		93DAC4992485FF0400AB6321 /* Build configuration list for PBXNativeTarget "iHomeTests" */ = {
			isa = XCConfigurationList;
			buildConfigurations = (
				93DAC4972485FF0400AB6321 /* Debug */,
				93DAC4982485FF0400AB6321 /* Release */,
			);
			defaultConfigurationIsVisible = 0;
			defaultConfigurationName = Release;
		};
/* End XCConfigurationList section */

/* Begin XCVersionGroup section */
		934D02BA24627F70005B2098 /* iHome.xcdatamodeld */ = {
			isa = XCVersionGroup;
			children = (
				934D02BB24627F70005B2098 /* iHome.xcdatamodel */,
			);
			currentVersion = 934D02BB24627F70005B2098 /* iHome.xcdatamodel */;
			path = iHome.xcdatamodeld;
			sourceTree = "<group>";
			versionGroupType = wrapper.xcdatamodel;
		};
/* End XCVersionGroup section */
	};
	rootObject = 934D02A324627F70005B2098 /* Project object */;
}
